
Microsoft Visual Studio Solution File, Format Version 12.00
# Visual Studio Version 17
VisualStudioVersion = 17.6.33829.357
MinimumVisualStudioVersion = 10.0.40219.1
Project("{9A19103F-16F7-4668-BE54-9A1E7A4F7556}") = "Avalonia.V0.10", "Avalonia.V0.10\Avalonia.V0.10.csproj", "{D54F4EAC-4693-4A88-9244-665E498BC374}"
EndProject
Project("{FAE04EC0-301F-11D3-BF4B-00C04F79EFBC}") = "Avalonia.V11", "Avalonia.V11\Avalonia.V11.csproj", "{80D6854C-CE35-43F4-8B03-C548842FCA29}"
EndProject
Global
	GlobalSection(SolutionConfigurationPlatforms) = preSolution
		Debug|Any CPU = Debug|Any CPU
		Release|Any CPU = Release|Any CPU
	EndGlobalSection
	GlobalSection(ProjectConfigurationPlatforms) = postSolution
		{D54F4EAC-4693-4A88-9244-665E498BC374}.Debug|Any CPU.ActiveCfg = Debug|Any CPU
		{D54F4EAC-4693-4A88-9244-665E498BC374}.Debug|Any CPU.Build.0 = Debug|Any CPU
		{D54F4EAC-4693-4A88-9244-665E498BC374}.Release|Any CPU.ActiveCfg = Release|Any CPU
		{D54F4EAC-4693-4A88-9244-665E498BC374}.Release|Any CPU.Build.0 = Release|Any CPU
		{80D6854C-CE35-43F4-8B03-C548842FCA29}.Debug|Any CPU.ActiveCfg = Debug|Any CPU
		{80D6854C-CE35-43F4-8B03-C548842FCA29}.Debug|Any CPU.Build.0 = Debug|Any CPU
		{80D6854C-CE35-43F4-8B03-C548842FCA29}.Release|Any CPU.ActiveCfg = Release|Any CPU
		{80D6854C-CE35-43F4-8B03-C548842FCA29}.Release|Any CPU.Build.0 = Release|Any CPU
	EndGlobalSection
	GlobalSection(SolutionProperties) = preSolution
		HideSolutionNode = FALSE
	EndGlobalSection
	GlobalSection(ExtensibilityGlobals) = postSolution
		SolutionGuid = {66F8D4D9-4830-4A11-BA3B-52C173556B1E}
	EndGlobalSection
EndGlobal
